
Microsoft Visual Studio Solution File, Format Version 12.00
# Visual Studio Version 17
VisualStudioVersion = 17.0.32014.148
MinimumVisualStudioVersion = 10.0.40219.1
Project("{FAE04EC0-301F-11D3-BF4B-00C04F79EFBC}") = "GESTION DES ABONNEES", "GESTION DES ABONNEES.csproj", "{7DA604D8-F50A-4F4F-A822-A34A16B6CECE}"
EndProject
Global
	GlobalSection(SolutionConfigurationPlatforms) = preSolution
		Debug|Any CPU = Debug|Any CPU
		Release|Any CPU = Release|Any CPU
	EndGlobalSection
	GlobalSection(ProjectConfigurationPlatforms) = postSolution
		{7DA604D8-F50A-4F4F-A822-A34A16B6CECE}.Debug|Any CPU.ActiveCfg = Debug|Any CPU
		{7DA604D8-F50A-4F4F-A822-A34A16B6CECE}.Debug|Any CPU.Build.0 = Debug|Any CPU
		{7DA604D8-F50A-4F4F-A822-A34A16B6CECE}.Release|Any CPU.ActiveCfg = Release|Any CPU
		{7DA604D8-F50A-4F4F-A822-A34A16B6CECE}.Release|Any CPU.Build.0 = Release|Any CPU
	EndGlobalSection
	GlobalSection(SolutionProperties) = preSolution
		HideSolutionNode = FALSE
	EndGlobalSection
	GlobalSection(ExtensibilityGlobals) = postSolution
		SolutionGuid = {F136C3D8-A74B-4253-9512-21C418876403}
	EndGlobalSection
EndGlobal
